
Microsoft Visual Studio Solution File, Format Version 12.00
# Visual Studio Version 16
VisualStudioVersion = 16.0.28803.202
MinimumVisualStudioVersion = 10.0.40219.1
Project("{888888A0-9F3D-457C-B088-3A5042F75D52}") = "BasicProject", "BasicProject\BasicProject.pyproj", "{DA1A9D43-8C5D-4993-9220-8134AF1AFD73}"
EndProject
Global
	GlobalSection(SolutionConfigurationPlatforms) = preSolution
		Debug|Any CPU = Debug|Any CPU
		Release|Any CPU = Release|Any CPU
	EndGlobalSection
	GlobalSection(ProjectConfigurationPlatforms) = postSolution
		{DA1A9D43-8C5D-4993-9220-8134AF1AFD73}.Debug|Any CPU.ActiveCfg = Debug|Any CPU
		{DA1A9D43-8C5D-4993-9220-8134AF1AFD73}.Debug|Any CPU.Build.0 = Debug|Any CPU
		{DA1A9D43-8C5D-4993-9220-8134AF1AFD73}.Release|Any CPU.ActiveCfg = Release|Any CPU
		{DA1A9D43-8C5D-4993-9220-8134AF1AFD73}.Release|Any CPU.Build.0 = Release|Any CPU
	EndGlobalSection
	GlobalSection(SolutionProperties) = preSolution
		HideSolutionNode = FALSE
	EndGlobalSection
	GlobalSection(ExtensibilityGlobals) = postSolution
		SolutionGuid = {2910104F-A6D8-4C9A-B0BA-B4BB76E970A0}
	EndGlobalSection
EndGlobal
